
Microsoft Visual Studio Solution File, Format Version 12.00
# Visual Studio Version 17
VisualStudioVersion = 17.14.36915.13 d17.14
MinimumVisualStudioVersion = 10.0.40219.1
Project("{FAE04EC0-301F-11D3-BF4B-00C04F79EFBC}") = "PROG6221", "PROG6221.csproj", "{AE6284E4-664A-4F13-9870-D90BC18B0836}"
EndProject
Global
	GlobalSection(SolutionConfigurationPlatforms) = preSolution
		Debug|Any CPU = Debug|Any CPU
		Release|Any CPU = Release|Any CPU
	EndGlobalSection
	GlobalSection(ProjectConfigurationPlatforms) = postSolution
		{AE6284E4-664A-4F13-9870-D90BC18B0836}.Debug|Any CPU.ActiveCfg = Debug|Any CPU
		{AE6284E4-664A-4F13-9870-D90BC18B0836}.Debug|Any CPU.Build.0 = Debug|Any CPU
		{AE6284E4-664A-4F13-9870-D90BC18B0836}.Release|Any CPU.ActiveCfg = Release|Any CPU
		{AE6284E4-664A-4F13-9870-D90BC18B0836}.Release|Any CPU.Build.0 = Release|Any CPU
	EndGlobalSection
	GlobalSection(SolutionProperties) = preSolution
		HideSolutionNode = FALSE
	EndGlobalSection
	GlobalSection(ExtensibilityGlobals) = postSolution
		SolutionGuid = {252F07B0-868B-4474-B751-498ED3A0DEC4}
	EndGlobalSection
EndGlobal
